
Microsoft Visual Studio Solution File, Format Version 12.00
# Visual Studio Version 16
VisualStudioVersion = 16.0.29609.76
MinimumVisualStudioVersion = 10.0.40219.1
Project("{FAE04EC0-301F-11D3-BF4B-00C04F79EFBC}") = "Fetch_API_Data", "Fetch_API_Data.csproj", "{785D8CCA-CB67-4008-84F1-D3181ED03FB6}"
EndProject
Global
	GlobalSection(SolutionConfigurationPlatforms) = preSolution
		Debug|Any CPU = Debug|Any CPU
		Release|Any CPU = Release|Any CPU
	EndGlobalSection
	GlobalSection(ProjectConfigurationPlatforms) = postSolution
		{785D8CCA-CB67-4008-84F1-D3181ED03FB6}.Debug|Any CPU.ActiveCfg = Debug|Any CPU
		{785D8CCA-CB67-4008-84F1-D3181ED03FB6}.Debug|Any CPU.Build.0 = Debug|Any CPU
		{785D8CCA-CB67-4008-84F1-D3181ED03FB6}.Release|Any CPU.ActiveCfg = Release|Any CPU
		{785D8CCA-CB67-4008-84F1-D3181ED03FB6}.Release|Any CPU.Build.0 = Release|Any CPU
	EndGlobalSection
	GlobalSection(SolutionProperties) = preSolution
		HideSolutionNode = FALSE
	EndGlobalSection
	GlobalSection(ExtensibilityGlobals) = postSolution
		SolutionGuid = {23DB471B-4ACD-450A-9938-A4FE00DEBBF3}
	EndGlobalSection
EndGlobal
